// !$*UTF8*$!
{
	archiveVersion = 1;
	classes = {
	};
	objectVersion = 52;
	objects = {

/* Begin PBXBuildFile section */
		8B1A0988242FFB3D005C3ACE /* UserDefaultsUtility.swift in Sources */ = {isa = PBXBuildFile; fileRef = 8B1A0987242FFB3D005C3ACE /* UserDefaultsUtility.swift */; };
		8B1C7E972467530C007666AD /* WeatherDailyDTO.swift in Sources */ = {isa = PBXBuildFile; fileRef = 8B1C7E962467530C007666AD /* WeatherDailyDTO.swift */; };
		8B1C7E99246755C5007666AD /* WeatherDayDTO.swift in Sources */ = {isa = PBXBuildFile; fileRef = 8B1C7E98246755C5007666AD /* WeatherDayDTO.swift */; };
		8B1C7E9E2467588B007666AD /* WeatherHourlyDTO.swift in Sources */ = {isa = PBXBuildFile; fileRef = 8B1C7E9D2467588B007666AD /* WeatherHourlyDTO.swift */; };
		8B1C7EA024675893007666AD /* WeatherHourDTO.swift in Sources */ = {isa = PBXBuildFile; fileRef = 8B1C7E9F24675893007666AD /* WeatherHourDTO.swift */; };
		8B1C7EA2246759B3007666AD /* WeatherMinutelyDTO.swift in Sources */ = {isa = PBXBuildFile; fileRef = 8B1C7EA1246759B3007666AD /* WeatherMinutelyDTO.swift */; };
		8B1C7EA424675A19007666AD /* WeatherAlertDTO.swift in Sources */ = {isa = PBXBuildFile; fileRef = 8B1C7EA324675A19007666AD /* WeatherAlertDTO.swift */; };
		8B1C7EA624675B9D007666AD /* WeatherDTO.swift in Sources */ = {isa = PBXBuildFile; fileRef = 8B1C7EA524675B9D007666AD /* WeatherDTO.swift */; };
		8B4186FA23F3BE5700BA7307 /* WeatherDailyViewModel.swift in Sources */ = {isa = PBXBuildFile; fileRef = 8B4186F923F3BE5700BA7307 /* WeatherDailyViewModel.swift */; };
		8B4186FC23F3BE6D00BA7307 /* WeatherHourlyViewModel.swift in Sources */ = {isa = PBXBuildFile; fileRef = 8B4186FB23F3BE6D00BA7307 /* WeatherHourlyViewModel.swift */; };
		8B41870023F3C61600BA7307 /* NetworkUtility.swift in Sources */ = {isa = PBXBuildFile; fileRef = 8B4186FF23F3C61600BA7307 /* NetworkUtility.swift */; };
		8B41870223F3CE5900BA7307 /* JWErrors.swift in Sources */ = {isa = PBXBuildFile; fileRef = 8B41870123F3CE5900BA7307 /* JWErrors.swift */; };
		8B41870623F3DAC200BA7307 /* WeatherCurrentlyViewModel.swift in Sources */ = {isa = PBXBuildFile; fileRef = 8B41870523F3DAC200BA7307 /* WeatherCurrentlyViewModel.swift */; };
		8B46DB8F24078C8700333783 /* WeatherLoadingView.swift in Sources */ = {isa = PBXBuildFile; fileRef = 8B46DB8E24078C8700333783 /* WeatherLoadingView.swift */; };
		8B46DB932407947C00333783 /* WeatherHourlyView.swift in Sources */ = {isa = PBXBuildFile; fileRef = 8B46DB922407947C00333783 /* WeatherHourlyView.swift */; };
		8B46DB9624079C5500333783 /* WeatherDailyView.swift in Sources */ = {isa = PBXBuildFile; fileRef = 8B46DB9524079C5500333783 /* WeatherDailyView.swift */; };
		8B46DB982407A1B800333783 /* Double+JW.swift in Sources */ = {isa = PBXBuildFile; fileRef = 8B46DB972407A1B800333783 /* Double+JW.swift */; };
		8B47766C23F0B9F0003DAE2C /* AppDelegate.swift in Sources */ = {isa = PBXBuildFile; fileRef = 8B47766B23F0B9F0003DAE2C /* AppDelegate.swift */; };
		8B47766E23F0B9F0003DAE2C /* SceneDelegate.swift in Sources */ = {isa = PBXBuildFile; fileRef = 8B47766D23F0B9F0003DAE2C /* SceneDelegate.swift */; };
		8B47767023F0B9F0003DAE2C /* WeatherView.swift in Sources */ = {isa = PBXBuildFile; fileRef = 8B47766F23F0B9F0003DAE2C /* WeatherView.swift */; };
		8B47767223F0B9F2003DAE2C /* Assets.xcassets in Resources */ = {isa = PBXBuildFile; fileRef = 8B47767123F0B9F2003DAE2C /* Assets.xcassets */; };
		8B47767523F0B9F2003DAE2C /* Preview Assets.xcassets in Resources */ = {isa = PBXBuildFile; fileRef = 8B47767423F0B9F2003DAE2C /* Preview Assets.xcassets */; };
		8B47767823F0B9F2003DAE2C /* LaunchScreen.storyboard in Resources */ = {isa = PBXBuildFile; fileRef = 8B47767623F0B9F2003DAE2C /* LaunchScreen.storyboard */; };
		8B47768323F0B9F2003DAE2C /* JennyWeatherTests.swift in Sources */ = {isa = PBXBuildFile; fileRef = 8B47768223F0B9F2003DAE2C /* JennyWeatherTests.swift */; };
		8B47769223F0C3ED003DAE2C /* WeatherDataService.swift in Sources */ = {isa = PBXBuildFile; fileRef = 8B47769123F0C3ED003DAE2C /* WeatherDataService.swift */; };
		8B5B8BE623F521DE0052EDC4 /* WeatherCurrentlyView.swift in Sources */ = {isa = PBXBuildFile; fileRef = 8B5B8BE523F521DE0052EDC4 /* WeatherCurrentlyView.swift */; };
		8B5B8BEB23F525F40052EDC4 /* WeatherMockData.swift in Sources */ = {isa = PBXBuildFile; fileRef = 8B5B8BEA23F525F40052EDC4 /* WeatherMockData.swift */; };
		8B5B8BED23F527FC0052EDC4 /* String+JW.swift in Sources */ = {isa = PBXBuildFile; fileRef = 8B5B8BEC23F527FC0052EDC4 /* String+JW.swift */; };
		8B6D91A8240C5F0D0015CAC7 /* WeatherLocationView.swift in Sources */ = {isa = PBXBuildFile; fileRef = 8B6D91A7240C5F0D0015CAC7 /* WeatherLocationView.swift */; };
		8B6D91AB240C5F9E0015CAC7 /* WeatherLocationViewModel.swift in Sources */ = {isa = PBXBuildFile; fileRef = 8B6D91AA240C5F9E0015CAC7 /* WeatherLocationViewModel.swift */; };
		8B711FF024569A3F0061A21F /* Decodable+JW.swift in Sources */ = {isa = PBXBuildFile; fileRef = 8B711FEF24569A3F0061A21F /* Decodable+JW.swift */; };
		8B9155BB2426DBEC008826D0 /* SearchLocationView.swift in Sources */ = {isa = PBXBuildFile; fileRef = 8B9155BA2426DBEC008826D0 /* SearchLocationView.swift */; };
		8B9155BD2426E5E5008826D0 /* SearchLocationViewModel.swift in Sources */ = {isa = PBXBuildFile; fileRef = 8B9155BC2426E5E5008826D0 /* SearchLocationViewModel.swift */; };
		8B9155C02426E947008826D0 /* CityLocationView.swift in Sources */ = {isa = PBXBuildFile; fileRef = 8B9155BF2426E947008826D0 /* CityLocationView.swift */; };
		8B9155C22426E9AC008826D0 /* CityLocationViewModel.swift in Sources */ = {isa = PBXBuildFile; fileRef = 8B9155C12426E9AC008826D0 /* CityLocationViewModel.swift */; };
		8B9155C524272516008826D0 /* LocationManager.swift in Sources */ = {isa = PBXBuildFile; fileRef = 8B9155C424272516008826D0 /* LocationManager.swift */; };
		8B9155C824283BA8008826D0 /* PlacemarkDTO.swift in Sources */ = {isa = PBXBuildFile; fileRef = 8B9155C724283BA8008826D0 /* PlacemarkDTO.swift */; };
		8B97CB582454F50F007117BC /* WeatherCurrentlyDTO.swift in Sources */ = {isa = PBXBuildFile; fileRef = 8B97CB572454F50F007117BC /* WeatherCurrentlyDTO.swift */; };
		8BAF3EA023F3DF7A0091F220 /* WeatherAlertViewModel.swift in Sources */ = {isa = PBXBuildFile; fileRef = 8BAF3E9F23F3DF7A0091F220 /* WeatherAlertViewModel.swift */; };
		8BEB8593242DD942005142F9 /* SearchCompletionResultDTO.swift in Sources */ = {isa = PBXBuildFile; fileRef = 8BEB8592242DD942005142F9 /* SearchCompletionResultDTO.swift */; };
		8BFD418123F1012F001D1626 /* WeatherViewModel.swift in Sources */ = {isa = PBXBuildFile; fileRef = 8BFD418023F1012F001D1626 /* WeatherViewModel.swift */; };
/* End PBXBuildFile section */

/* Begin PBXContainerItemProxy section */
		8B47767F23F0B9F2003DAE2C /* PBXContainerItemProxy */ = {
			isa = PBXContainerItemProxy;
			containerPortal = 8B47766023F0B9F0003DAE2C /* Project object */;
			proxyType = 1;
			remoteGlobalIDString = 8B47766723F0B9F0003DAE2C;
			remoteInfo = JennyWeather;
		};
/* End PBXContainerItemProxy section */

/* Begin PBXFileReference section */
		8B1A0987242FFB3D005C3ACE /* UserDefaultsUtility.swift */ = {isa = PBXFileReference; lastKnownFileType = sourcecode.swift; path = UserDefaultsUtility.swift; sourceTree = "<group>"; };
		8B1C7E962467530C007666AD /* WeatherDailyDTO.swift */ = {isa = PBXFileReference; lastKnownFileType = sourcecode.swift; path = WeatherDailyDTO.swift; sourceTree = "<group>"; };
		8B1C7E98246755C5007666AD /* WeatherDayDTO.swift */ = {isa = PBXFileReference; lastKnownFileType = sourcecode.swift; path = WeatherDayDTO.swift; sourceTree = "<group>"; };
		8B1C7E9D2467588B007666AD /* WeatherHourlyDTO.swift */ = {isa = PBXFileReference; lastKnownFileType = sourcecode.swift; path = WeatherHourlyDTO.swift; sourceTree = "<group>"; };
		8B1C7E9F24675893007666AD /* WeatherHourDTO.swift */ = {isa = PBXFileReference; lastKnownFileType = sourcecode.swift; path = WeatherHourDTO.swift; sourceTree = "<group>"; };
		8B1C7EA1246759B3007666AD /* WeatherMinutelyDTO.swift */ = {isa = PBXFileReference; lastKnownFileType = sourcecode.swift; path = WeatherMinutelyDTO.swift; sourceTree = "<group>"; };
		8B1C7EA324675A19007666AD /* WeatherAlertDTO.swift */ = {isa = PBXFileReference; lastKnownFileType = sourcecode.swift; path = WeatherAlertDTO.swift; sourceTree = "<group>"; };
		8B1C7EA524675B9D007666AD /* WeatherDTO.swift */ = {isa = PBXFileReference; lastKnownFileType = sourcecode.swift; path = WeatherDTO.swift; sourceTree = "<group>"; };
		8B4186F923F3BE5700BA7307 /* WeatherDailyViewModel.swift */ = {isa = PBXFileReference; lastKnownFileType = sourcecode.swift; path = WeatherDailyViewModel.swift; sourceTree = "<group>"; };
		8B4186FB23F3BE6D00BA7307 /* WeatherHourlyViewModel.swift */ = {isa = PBXFileReference; lastKnownFileType = sourcecode.swift; path = WeatherHourlyViewModel.swift; sourceTree = "<group>"; };
		8B4186FF23F3C61600BA7307 /* NetworkUtility.swift */ = {isa = PBXFileReference; lastKnownFileType = sourcecode.swift; path = NetworkUtility.swift; sourceTree = "<group>"; };
		8B41870123F3CE5900BA7307 /* JWErrors.swift */ = {isa = PBXFileReference; lastKnownFileType = sourcecode.swift; path = JWErrors.swift; sourceTree = "<group>"; };
		8B41870523F3DAC200BA7307 /* WeatherCurrentlyViewModel.swift */ = {isa = PBXFileReference; lastKnownFileType = sourcecode.swift; path = WeatherCurrentlyViewModel.swift; sourceTree = "<group>"; };
		8B46DB8E24078C8700333783 /* WeatherLoadingView.swift */ = {isa = PBXFileReference; lastKnownFileType = sourcecode.swift; path = WeatherLoadingView.swift; sourceTree = "<group>"; };
		8B46DB922407947C00333783 /* WeatherHourlyView.swift */ = {isa = PBXFileReference; lastKnownFileType = sourcecode.swift; path = WeatherHourlyView.swift; sourceTree = "<group>"; };
		8B46DB9524079C5500333783 /* WeatherDailyView.swift */ = {isa = PBXFileReference; lastKnownFileType = sourcecode.swift; path = WeatherDailyView.swift; sourceTree = "<group>"; };
		8B46DB972407A1B800333783 /* Double+JW.swift */ = {isa = PBXFileReference; lastKnownFileType = sourcecode.swift; path = "Double+JW.swift"; sourceTree = "<group>"; };
		8B47766823F0B9F0003DAE2C /* Jenny Weather.app */ = {isa = PBXFileReference; explicitFileType = wrapper.application; includeInIndex = 0; path = "Jenny Weather.app"; sourceTree = BUILT_PRODUCTS_DIR; };
		8B47766B23F0B9F0003DAE2C /* AppDelegate.swift */ = {isa = PBXFileReference; lastKnownFileType = sourcecode.swift; path = AppDelegate.swift; sourceTree = "<group>"; };
		8B47766D23F0B9F0003DAE2C /* SceneDelegate.swift */ = {isa = PBXFileReference; lastKnownFileType = sourcecode.swift; path = SceneDelegate.swift; sourceTree = "<group>"; };
		8B47766F23F0B9F0003DAE2C /* WeatherView.swift */ = {isa = PBXFileReference; lastKnownFileType = sourcecode.swift; path = WeatherView.swift; sourceTree = "<group>"; };
		8B47767123F0B9F2003DAE2C /* Assets.xcassets */ = {isa = PBXFileReference; lastKnownFileType = folder.assetcatalog; path = Assets.xcassets; sourceTree = "<group>"; };
		8B47767423F0B9F2003DAE2C /* Preview Assets.xcassets */ = {isa = PBXFileReference; lastKnownFileType = folder.assetcatalog; path = "Preview Assets.xcassets"; sourceTree = "<group>"; };
		8B47767723F0B9F2003DAE2C /* Base */ = {isa = PBXFileReference; lastKnownFileType = file.storyboard; name = Base; path = Base.lproj/LaunchScreen.storyboard; sourceTree = "<group>"; };
		8B47767923F0B9F2003DAE2C /* Info.plist */ = {isa = PBXFileReference; lastKnownFileType = text.plist.xml; path = Info.plist; sourceTree = "<group>"; };
		8B47767E23F0B9F2003DAE2C /* JennyWeatherTests.xctest */ = {isa = PBXFileReference; explicitFileType = wrapper.cfbundle; includeInIndex = 0; path = JennyWeatherTests.xctest; sourceTree = BUILT_PRODUCTS_DIR; };
		8B47768223F0B9F2003DAE2C /* JennyWeatherTests.swift */ = {isa = PBXFileReference; lastKnownFileType = sourcecode.swift; path = JennyWeatherTests.swift; sourceTree = "<group>"; };
		8B47768423F0B9F2003DAE2C /* Info.plist */ = {isa = PBXFileReference; lastKnownFileType = text.plist.xml; path = Info.plist; sourceTree = "<group>"; };
		8B47769123F0C3ED003DAE2C /* WeatherDataService.swift */ = {isa = PBXFileReference; lastKnownFileType = sourcecode.swift; path = WeatherDataService.swift; sourceTree = "<group>"; };
		8B5B8BE523F521DE0052EDC4 /* WeatherCurrentlyView.swift */ = {isa = PBXFileReference; lastKnownFileType = sourcecode.swift; path = WeatherCurrentlyView.swift; sourceTree = "<group>"; };
		8B5B8BEA23F525F40052EDC4 /* WeatherMockData.swift */ = {isa = PBXFileReference; lastKnownFileType = sourcecode.swift; path = WeatherMockData.swift; sourceTree = "<group>"; };
		8B5B8BEC23F527FC0052EDC4 /* String+JW.swift */ = {isa = PBXFileReference; lastKnownFileType = sourcecode.swift; path = "String+JW.swift"; sourceTree = "<group>"; };
		8B6D91A7240C5F0D0015CAC7 /* WeatherLocationView.swift */ = {isa = PBXFileReference; lastKnownFileType = sourcecode.swift; path = WeatherLocationView.swift; sourceTree = "<group>"; };
		8B6D91AA240C5F9E0015CAC7 /* WeatherLocationViewModel.swift */ = {isa = PBXFileReference; lastKnownFileType = sourcecode.swift; path = WeatherLocationViewModel.swift; sourceTree = "<group>"; };
		8B711FEF24569A3F0061A21F /* Decodable+JW.swift */ = {isa = PBXFileReference; lastKnownFileType = sourcecode.swift; path = "Decodable+JW.swift"; sourceTree = "<group>"; };
		8B9155BA2426DBEC008826D0 /* SearchLocationView.swift */ = {isa = PBXFileReference; lastKnownFileType = sourcecode.swift; path = SearchLocationView.swift; sourceTree = "<group>"; };
		8B9155BC2426E5E5008826D0 /* SearchLocationViewModel.swift */ = {isa = PBXFileReference; lastKnownFileType = sourcecode.swift; path = SearchLocationViewModel.swift; sourceTree = "<group>"; };
		8B9155BF2426E947008826D0 /* CityLocationView.swift */ = {isa = PBXFileReference; lastKnownFileType = sourcecode.swift; path = CityLocationView.swift; sourceTree = "<group>"; };
		8B9155C12426E9AC008826D0 /* CityLocationViewModel.swift */ = {isa = PBXFileReference; lastKnownFileType = sourcecode.swift; path = CityLocationViewModel.swift; sourceTree = "<group>"; };
		8B9155C424272516008826D0 /* LocationManager.swift */ = {isa = PBXFileReference; lastKnownFileType = sourcecode.swift; path = LocationManager.swift; sourceTree = "<group>"; };
		8B9155C724283BA8008826D0 /* PlacemarkDTO.swift */ = {isa = PBXFileReference; lastKnownFileType = sourcecode.swift; path = PlacemarkDTO.swift; sourceTree = "<group>"; };
		8B97CB572454F50F007117BC /* WeatherCurrentlyDTO.swift */ = {isa = PBXFileReference; lastKnownFileType = sourcecode.swift; path = WeatherCurrentlyDTO.swift; sourceTree = "<group>"; };
		8BAF3E9F23F3DF7A0091F220 /* WeatherAlertViewModel.swift */ = {isa = PBXFileReference; lastKnownFileType = sourcecode.swift; path = WeatherAlertViewModel.swift; sourceTree = "<group>"; };
		8BEB8592242DD942005142F9 /* SearchCompletionResultDTO.swift */ = {isa = PBXFileReference; lastKnownFileType = sourcecode.swift; path = SearchCompletionResultDTO.swift; sourceTree = "<group>"; };
		8BFD418023F1012F001D1626 /* WeatherViewModel.swift */ = {isa = PBXFileReference; lastKnownFileType = sourcecode.swift; path = WeatherViewModel.swift; sourceTree = "<group>"; };
/* End PBXFileReference section */

/* Begin PBXFrameworksBuildPhase section */
		8B47766523F0B9F0003DAE2C /* Frameworks */ = {
			isa = PBXFrameworksBuildPhase;
			buildActionMask = 2147483647;
			files = (
			);
			runOnlyForDeploymentPostprocessing = 0;
		};
		8B47767B23F0B9F2003DAE2C /* Frameworks */ = {
			isa = PBXFrameworksBuildPhase;
			buildActionMask = 2147483647;
			files = (
			);
			runOnlyForDeploymentPostprocessing = 0;
		};
/* End PBXFrameworksBuildPhase section */

/* Begin PBXGroup section */
		8B1C7E94246751D9007666AD /* Currently */ = {
			isa = PBXGroup;
			children = (
				8B97CB572454F50F007117BC /* WeatherCurrentlyDTO.swift */,
			);
			path = Currently;
			sourceTree = "<group>";
		};
		8B1C7E95246751EE007666AD /* Daily */ = {
			isa = PBXGroup;
			children = (
				8B1C7E98246755C5007666AD /* WeatherDayDTO.swift */,
				8B1C7E962467530C007666AD /* WeatherDailyDTO.swift */,
			);
			path = Daily;
			sourceTree = "<group>";
		};
		8B1C7E9A246757BD007666AD /* Hourly */ = {
			isa = PBXGroup;
			children = (
				8B1C7E9F24675893007666AD /* WeatherHourDTO.swift */,
				8B1C7E9D2467588B007666AD /* WeatherHourlyDTO.swift */,
			);
			path = Hourly;
			sourceTree = "<group>";
		};
		8B1C7E9B246757F1007666AD /* Minutely */ = {
			isa = PBXGroup;
			children = (
				8B1C7EA1246759B3007666AD /* WeatherMinutelyDTO.swift */,
			);
			path = Minutely;
			sourceTree = "<group>";
		};
		8B1C7E9C246757F8007666AD /* Alert */ = {
			isa = PBXGroup;
			children = (
				8B1C7EA324675A19007666AD /* WeatherAlertDTO.swift */,
			);
			path = Alert;
			sourceTree = "<group>";
		};
		8B1C7EA72468C0BA007666AD /* Loading */ = {
			isa = PBXGroup;
			children = (
				8B46DB8E24078C8700333783 /* WeatherLoadingView.swift */,
			);
			path = Loading;
			sourceTree = "<group>";
		};
		8B1C7EA82468C0EC007666AD /* Weather */ = {
			isa = PBXGroup;
			children = (
				8B6D91A4240C5E880015CAC7 /* WeatherLocation */,
				8B5B8BE723F5238B0052EDC4 /* WeatherCurrently */,
				8B46DB912407946100333783 /* WeatherHourly */,
				8B46DB9424079C4000333783 /* WeatherDaily */,
				8BAF3E9F23F3DF7A0091F220 /* WeatherAlertViewModel.swift */,
				8BFD418023F1012F001D1626 /* WeatherViewModel.swift */,
				8B47766F23F0B9F0003DAE2C /* WeatherView.swift */,
			);
			path = Weather;
			sourceTree = "<group>";
		};
		8B4186FD23F3C49300BA7307 /* DataService */ = {
			isa = PBXGroup;
			children = (
				8B47769123F0C3ED003DAE2C /* WeatherDataService.swift */,
			);
			path = DataService;
			sourceTree = "<group>";
		};
		8B4186FE23F3C49D00BA7307 /* Utility */ = {
			isa = PBXGroup;
			children = (
				8B5B8BF023F528230052EDC4 /* Categories */,
				8B5B8BEE23F528060052EDC4 /* Errors */,
				8B5B8BEF23F528140052EDC4 /* Mock Data */,
				8B4186FF23F3C61600BA7307 /* NetworkUtility.swift */,
				8B1A0987242FFB3D005C3ACE /* UserDefaultsUtility.swift */,
			);
			path = Utility;
			sourceTree = "<group>";
		};
		8B46DB90240790B800333783 /* Resources */ = {
			isa = PBXGroup;
			children = (
				8B47767323F0B9F2003DAE2C /* Preview Content */,
				8B47767123F0B9F2003DAE2C /* Assets.xcassets */,
			);
			path = Resources;
			sourceTree = "<group>";
		};
		8B46DB912407946100333783 /* WeatherHourly */ = {
			isa = PBXGroup;
			children = (
				8B4186FB23F3BE6D00BA7307 /* WeatherHourlyViewModel.swift */,
				8B46DB922407947C00333783 /* WeatherHourlyView.swift */,
			);
			path = WeatherHourly;
			sourceTree = "<group>";
		};
		8B46DB9424079C4000333783 /* WeatherDaily */ = {
			isa = PBXGroup;
			children = (
				8B4186F923F3BE5700BA7307 /* WeatherDailyViewModel.swift */,
				8B46DB9524079C5500333783 /* WeatherDailyView.swift */,
			);
			path = WeatherDaily;
			sourceTree = "<group>";
		};
		8B47765F23F0B9F0003DAE2C = {
			isa = PBXGroup;
			children = (
				8B47766A23F0B9F0003DAE2C /* JennyWeather */,
				8B47768123F0B9F2003DAE2C /* JennyWeatherTests */,
				8B47766923F0B9F0003DAE2C /* Products */,
			);
			sourceTree = "<group>";
		};
		8B47766923F0B9F0003DAE2C /* Products */ = {
			isa = PBXGroup;
			children = (
				8B47766823F0B9F0003DAE2C /* Jenny Weather.app */,
				8B47767E23F0B9F2003DAE2C /* JennyWeatherTests.xctest */,
			);
			name = Products;
			sourceTree = "<group>";
		};
		8B47766A23F0B9F0003DAE2C /* JennyWeather */ = {
			isa = PBXGroup;
			children = (
				8B4186FE23F3C49D00BA7307 /* Utility */,
				8B47769023F0C33D003DAE2C /* Network */,
				8B9155C3242724AF008826D0 /* Managers */,
				8B47768E23F0C268003DAE2C /* Interface */,
				8B47768D23F0C252003DAE2C /* Globals */,
				8B46DB90240790B800333783 /* Resources */,
			);
			path = JennyWeather;
			sourceTree = "<group>";
		};
		8B47767323F0B9F2003DAE2C /* Preview Content */ = {
			isa = PBXGroup;
			children = (
				8B47767423F0B9F2003DAE2C /* Preview Assets.xcassets */,
			);
			path = "Preview Content";
			sourceTree = "<group>";
		};
		8B47768123F0B9F2003DAE2C /* JennyWeatherTests */ = {
			isa = PBXGroup;
			children = (
				8B47768223F0B9F2003DAE2C /* JennyWeatherTests.swift */,
				8B47768423F0B9F2003DAE2C /* Info.plist */,
			);
			path = JennyWeatherTests;
			sourceTree = "<group>";
		};
		8B47768D23F0C252003DAE2C /* Globals */ = {
			isa = PBXGroup;
			children = (
				8B47766B23F0B9F0003DAE2C /* AppDelegate.swift */,
				8B47766D23F0B9F0003DAE2C /* SceneDelegate.swift */,
				8B47767623F0B9F2003DAE2C /* LaunchScreen.storyboard */,
				8B47767923F0B9F2003DAE2C /* Info.plist */,
			);
			path = Globals;
			sourceTree = "<group>";
		};
		8B47768E23F0C268003DAE2C /* Interface */ = {
			isa = PBXGroup;
			children = (
				8B1C7EA72468C0BA007666AD /* Loading */,
				8B1C7EA82468C0EC007666AD /* Weather */,
			);
			path = Interface;
			sourceTree = "<group>";
		};
		8B47769023F0C33D003DAE2C /* Network */ = {
			isa = PBXGroup;
			children = (
				8B711FF124569DA80061A21F /* DTO */,
				8B4186FD23F3C49300BA7307 /* DataService */,
			);
			path = Network;
			sourceTree = "<group>";
		};
		8B5B8BE723F5238B0052EDC4 /* WeatherCurrently */ = {
			isa = PBXGroup;
			children = (
				8B41870523F3DAC200BA7307 /* WeatherCurrentlyViewModel.swift */,
				8B5B8BE523F521DE0052EDC4 /* WeatherCurrentlyView.swift */,
			);
			path = WeatherCurrently;
			sourceTree = "<group>";
		};
		8B5B8BEE23F528060052EDC4 /* Errors */ = {
			isa = PBXGroup;
			children = (
				8B41870123F3CE5900BA7307 /* JWErrors.swift */,
			);
			path = Errors;
			sourceTree = "<group>";
		};
		8B5B8BEF23F528140052EDC4 /* Mock Data */ = {
			isa = PBXGroup;
			children = (
				8B5B8BEA23F525F40052EDC4 /* WeatherMockData.swift */,
			);
			path = "Mock Data";
			sourceTree = "<group>";
		};
		8B5B8BF023F528230052EDC4 /* Categories */ = {
			isa = PBXGroup;
			children = (
				8B711FEF24569A3F0061A21F /* Decodable+JW.swift */,
				8B46DB972407A1B800333783 /* Double+JW.swift */,
				8B5B8BEC23F527FC0052EDC4 /* String+JW.swift */,
			);
			path = Categories;
			sourceTree = "<group>";
		};
		8B6D91A4240C5E880015CAC7 /* WeatherLocation */ = {
			isa = PBXGroup;
			children = (
				8B9155B92426DB8F008826D0 /* SearchLocation */,
				8B6D91AA240C5F9E0015CAC7 /* WeatherLocationViewModel.swift */,
				8B6D91A7240C5F0D0015CAC7 /* WeatherLocationView.swift */,
			);
			path = WeatherLocation;
			sourceTree = "<group>";
		};
		8B711FF124569DA80061A21F /* DTO */ = {
			isa = PBXGroup;
			children = (
				8B1C7E9C246757F8007666AD /* Alert */,
				8B1C7E9B246757F1007666AD /* Minutely */,
				8B1C7E9A246757BD007666AD /* Hourly */,
				8B1C7E95246751EE007666AD /* Daily */,
				8B1C7E94246751D9007666AD /* Currently */,
				8B1C7EA524675B9D007666AD /* WeatherDTO.swift */,
			);
			path = DTO;
			sourceTree = "<group>";
		};
		8B9155B92426DB8F008826D0 /* SearchLocation */ = {
			isa = PBXGroup;
			children = (
				8B9155BE2426E91F008826D0 /* CityLocation */,
				8B9155BC2426E5E5008826D0 /* SearchLocationViewModel.swift */,
				8B9155BA2426DBEC008826D0 /* SearchLocationView.swift */,
			);
			path = SearchLocation;
			sourceTree = "<group>";
		};
		8B9155BE2426E91F008826D0 /* CityLocation */ = {
			isa = PBXGroup;
			children = (
				8B9155C12426E9AC008826D0 /* CityLocationViewModel.swift */,
				8B9155BF2426E947008826D0 /* CityLocationView.swift */,
			);
			path = CityLocation;
			sourceTree = "<group>";
		};
		8B9155C3242724AF008826D0 /* Managers */ = {
			isa = PBXGroup;
			children = (
				8B9155C624283B81008826D0 /* Location */,
			);
			path = Managers;
			sourceTree = "<group>";
		};
		8B9155C624283B81008826D0 /* Location */ = {
			isa = PBXGroup;
			children = (
				8B9155C724283BA8008826D0 /* PlacemarkDTO.swift */,
				8BEB8592242DD942005142F9 /* SearchCompletionResultDTO.swift */,
				8B9155C424272516008826D0 /* LocationManager.swift */,
			);
			path = Location;
			sourceTree = "<group>";
		};
/* End PBXGroup section */

/* Begin PBXNativeTarget section */
		8B47766723F0B9F0003DAE2C /* JennyWeather */ = {
			isa = PBXNativeTarget;
			buildConfigurationList = 8B47768723F0B9F2003DAE2C /* Build configuration list for PBXNativeTarget "JennyWeather" */;
			buildPhases = (
				8B47766423F0B9F0003DAE2C /* Sources */,
				8B47766523F0B9F0003DAE2C /* Frameworks */,
				8B47766623F0B9F0003DAE2C /* Resources */,
			);
			buildRules = (
			);
			dependencies = (
			);
			name = JennyWeather;
			productName = JennyWeather;
			productReference = 8B47766823F0B9F0003DAE2C /* Jenny Weather.app */;
			productType = "com.apple.product-type.application";
		};
		8B47767D23F0B9F2003DAE2C /* JennyWeatherTests */ = {
			isa = PBXNativeTarget;
			buildConfigurationList = 8B47768A23F0B9F2003DAE2C /* Build configuration list for PBXNativeTarget "JennyWeatherTests" */;
			buildPhases = (
				8B47767A23F0B9F2003DAE2C /* Sources */,
				8B47767B23F0B9F2003DAE2C /* Frameworks */,
				8B47767C23F0B9F2003DAE2C /* Resources */,
			);
			buildRules = (
			);
			dependencies = (
				8B47768023F0B9F2003DAE2C /* PBXTargetDependency */,
			);
			name = JennyWeatherTests;
			productName = JennyWeatherTests;
			productReference = 8B47767E23F0B9F2003DAE2C /* JennyWeatherTests.xctest */;
			productType = "com.apple.product-type.bundle.unit-test";
		};
/* End PBXNativeTarget section */

/* Begin PBXProject section */
		8B47766023F0B9F0003DAE2C /* Project object */ = {
			isa = PBXProject;
			attributes = {
				LastSwiftUpdateCheck = 1120;
				LastUpgradeCheck = 1120;
				ORGANIZATIONNAME = "Brett Petersen";
				TargetAttributes = {
					8B47766723F0B9F0003DAE2C = {
						CreatedOnToolsVersion = 11.2.1;
					};
					8B47767D23F0B9F2003DAE2C = {
						CreatedOnToolsVersion = 11.2.1;
						TestTargetID = 8B47766723F0B9F0003DAE2C;
					};
				};
			};
			buildConfigurationList = 8B47766323F0B9F0003DAE2C /* Build configuration list for PBXProject "JennyWeather" */;
			compatibilityVersion = "Xcode 9.3";
			developmentRegion = en;
			hasScannedForEncodings = 0;
			knownRegions = (
				en,
				Base,
			);
			mainGroup = 8B47765F23F0B9F0003DAE2C;
			productRefGroup = 8B47766923F0B9F0003DAE2C /* Products */;
			projectDirPath = "";
			projectRoot = "";
			targets = (
				8B47766723F0B9F0003DAE2C /* JennyWeather */,
				8B47767D23F0B9F2003DAE2C /* JennyWeatherTests */,
			);
		};
/* End PBXProject section */

/* Begin PBXResourcesBuildPhase section */
		8B47766623F0B9F0003DAE2C /* Resources */ = {
			isa = PBXResourcesBuildPhase;
			buildActionMask = 2147483647;
			files = (
				8B47767823F0B9F2003DAE2C /* LaunchScreen.storyboard in Resources */,
				8B47767523F0B9F2003DAE2C /* Preview Assets.xcassets in Resources */,
				8B47767223F0B9F2003DAE2C /* Assets.xcassets in Resources */,
			);
			runOnlyForDeploymentPostprocessing = 0;
		};
		8B47767C23F0B9F2003DAE2C /* Resources */ = {
			isa = PBXResourcesBuildPhase;
			buildActionMask = 2147483647;
			files = (
			);
			runOnlyForDeploymentPostprocessing = 0;
		};
/* End PBXResourcesBuildPhase section */

/* Begin PBXSourcesBuildPhase section */
		8B47766423F0B9F0003DAE2C /* Sources */ = {
			isa = PBXSourcesBuildPhase;
			buildActionMask = 2147483647;
			files = (
				8B9155BD2426E5E5008826D0 /* SearchLocationViewModel.swift in Sources */,
				8B9155C02426E947008826D0 /* CityLocationView.swift in Sources */,
				8B5B8BE623F521DE0052EDC4 /* WeatherCurrentlyView.swift in Sources */,
				8B46DB932407947C00333783 /* WeatherHourlyView.swift in Sources */,
				8BFD418123F1012F001D1626 /* WeatherViewModel.swift in Sources */,
				8B9155BB2426DBEC008826D0 /* SearchLocationView.swift in Sources */,
				8B47766C23F0B9F0003DAE2C /* AppDelegate.swift in Sources */,
				8B47766E23F0B9F0003DAE2C /* SceneDelegate.swift in Sources */,
				8B9155C824283BA8008826D0 /* PlacemarkDTO.swift in Sources */,
				8B46DB982407A1B800333783 /* Double+JW.swift in Sources */,
				8B47769223F0C3ED003DAE2C /* WeatherDataService.swift in Sources */,
				8B1C7EA024675893007666AD /* WeatherHourDTO.swift in Sources */,
				8B1C7E9E2467588B007666AD /* WeatherHourlyDTO.swift in Sources */,
				8B5B8BEB23F525F40052EDC4 /* WeatherMockData.swift in Sources */,
				8B4186FA23F3BE5700BA7307 /* WeatherDailyViewModel.swift in Sources */,
				8B9155C524272516008826D0 /* LocationManager.swift in Sources */,
				8B41870623F3DAC200BA7307 /* WeatherCurrentlyViewModel.swift in Sources */,
				8B41870223F3CE5900BA7307 /* JWErrors.swift in Sources */,
				8BEB8593242DD942005142F9 /* SearchCompletionResultDTO.swift in Sources */,
				8B9155C22426E9AC008826D0 /* CityLocationViewModel.swift in Sources */,
				8B41870023F3C61600BA7307 /* NetworkUtility.swift in Sources */,
				8B1C7E99246755C5007666AD /* WeatherDayDTO.swift in Sources */,
				8B1C7EA624675B9D007666AD /* WeatherDTO.swift in Sources */,
				8B6D91A8240C5F0D0015CAC7 /* WeatherLocationView.swift in Sources */,
				8B47767023F0B9F0003DAE2C /* WeatherView.swift in Sources */,
				8B711FF024569A3F0061A21F /* Decodable+JW.swift in Sources */,
				8B1C7EA2246759B3007666AD /* WeatherMinutelyDTO.swift in Sources */,
				8B4186FC23F3BE6D00BA7307 /* WeatherHourlyViewModel.swift in Sources */,
				8B6D91AB240C5F9E0015CAC7 /* WeatherLocationViewModel.swift in Sources */,
				8B46DB9624079C5500333783 /* WeatherDailyView.swift in Sources */,
				8B46DB8F24078C8700333783 /* WeatherLoadingView.swift in Sources */,
				8B1C7E972467530C007666AD /* WeatherDailyDTO.swift in Sources */,
				8B1C7EA424675A19007666AD /* WeatherAlertDTO.swift in Sources */,
				8B5B8BED23F527FC0052EDC4 /* String+JW.swift in Sources */,
				8BAF3EA023F3DF7A0091F220 /* WeatherAlertViewModel.swift in Sources */,
				8B97CB582454F50F007117BC /* WeatherCurrentlyDTO.swift in Sources */,
				8B1A0988242FFB3D005C3ACE /* UserDefaultsUtility.swift in Sources */,
			);
			runOnlyForDeploymentPostprocessing = 0;
		};
		8B47767A23F0B9F2003DAE2C /* Sources */ = {
			isa = PBXSourcesBuildPhase;
			buildActionMask = 2147483647;
			files = (
				8B47768323F0B9F2003DAE2C /* JennyWeatherTests.swift in Sources */,
			);
			runOnlyForDeploymentPostprocessing = 0;
		};
/* End PBXSourcesBuildPhase section */

/* Begin PBXTargetDependency section */
		8B47768023F0B9F2003DAE2C /* PBXTargetDependency */ = {
			isa = PBXTargetDependency;
			platformFilter = ios;
			target = 8B47766723F0B9F0003DAE2C /* JennyWeather */;
			targetProxy = 8B47767F23F0B9F2003DAE2C /* PBXContainerItemProxy */;
		};
/* End PBXTargetDependency section */

/* Begin PBXVariantGroup section */
		8B47767623F0B9F2003DAE2C /* LaunchScreen.storyboard */ = {
			isa = PBXVariantGroup;
			children = (
				8B47767723F0B9F2003DAE2C /* Base */,
			);
			name = LaunchScreen.storyboard;
			sourceTree = "<group>";
		};
/* End PBXVariantGroup section */

/* Begin XCBuildConfiguration section */
		8B47768523F0B9F2003DAE2C /* Debug */ = {
			isa = XCBuildConfiguration;
			buildSettings = {
				ALWAYS_SEARCH_USER_PATHS = NO;
				CLANG_ANALYZER_NONNULL = YES;
				CLANG_ANALYZER_NUMBER_OBJECT_CONVERSION = YES_AGGRESSIVE;
				CLANG_CXX_LANGUAGE_STANDARD = "gnu++14";
				CLANG_CXX_LIBRARY = "libc++";
				CLANG_ENABLE_MODULES = YES;
				CLANG_ENABLE_OBJC_ARC = YES;
				CLANG_ENABLE_OBJC_WEAK = YES;
				CLANG_WARN_BLOCK_CAPTURE_AUTORELEASING = YES;
				CLANG_WARN_BOOL_CONVERSION = YES;
				CLANG_WARN_COMMA = YES;
				CLANG_WARN_CONSTANT_CONVERSION = YES;
				CLANG_WARN_DEPRECATED_OBJC_IMPLEMENTATIONS = YES;
				CLANG_WARN_DIRECT_OBJC_ISA_USAGE = YES_ERROR;
				CLANG_WARN_DOCUMENTATION_COMMENTS = YES;
				CLANG_WARN_EMPTY_BODY = YES;
				CLANG_WARN_ENUM_CONVERSION = YES;
				CLANG_WARN_INFINITE_RECURSION = YES;
				CLANG_WARN_INT_CONVERSION = YES;
				CLANG_WARN_NON_LITERAL_NULL_CONVERSION = YES;
				CLANG_WARN_OBJC_IMPLICIT_RETAIN_SELF = YES;
				CLANG_WARN_OBJC_LITERAL_CONVERSION = YES;
				CLANG_WARN_OBJC_ROOT_CLASS = YES_ERROR;
				CLANG_WARN_RANGE_LOOP_ANALYSIS = YES;
				CLANG_WARN_STRICT_PROTOTYPES = YES;
				CLANG_WARN_SUSPICIOUS_MOVE = YES;
				CLANG_WARN_UNGUARDED_AVAILABILITY = YES_AGGRESSIVE;
				CLANG_WARN_UNREACHABLE_CODE = YES;
				CLANG_WARN__DUPLICATE_METHOD_MATCH = YES;
				COPY_PHASE_STRIP = NO;
				DEBUG_INFORMATION_FORMAT = dwarf;
				ENABLE_STRICT_OBJC_MSGSEND = YES;
				ENABLE_TESTABILITY = YES;
				GCC_C_LANGUAGE_STANDARD = gnu11;
				GCC_DYNAMIC_NO_PIC = NO;
				GCC_NO_COMMON_BLOCKS = YES;
				GCC_OPTIMIZATION_LEVEL = 0;
				GCC_PREPROCESSOR_DEFINITIONS = (
					"DEBUG=1",
					"$(inherited)",
				);
				GCC_WARN_64_TO_32_BIT_CONVERSION = YES;
				GCC_WARN_ABOUT_RETURN_TYPE = YES_ERROR;
				GCC_WARN_UNDECLARED_SELECTOR = YES;
				GCC_WARN_UNINITIALIZED_AUTOS = YES_AGGRESSIVE;
				GCC_WARN_UNUSED_FUNCTION = YES;
				GCC_WARN_UNUSED_VARIABLE = YES;
				IPHONEOS_DEPLOYMENT_TARGET = 13.2;
				MTL_ENABLE_DEBUG_INFO = INCLUDE_SOURCE;
				MTL_FAST_MATH = YES;
				ONLY_ACTIVE_ARCH = YES;
				SDKROOT = iphoneos;
				SWIFT_ACTIVE_COMPILATION_CONDITIONS = DEBUG;
				SWIFT_OPTIMIZATION_LEVEL = "-Onone";
			};
			name = Debug;
		};
		8B47768623F0B9F2003DAE2C /* Release */ = {
			isa = XCBuildConfiguration;
			buildSettings = {
				ALWAYS_SEARCH_USER_PATHS = NO;
				CLANG_ANALYZER_NONNULL = YES;
				CLANG_ANALYZER_NUMBER_OBJECT_CONVERSION = YES_AGGRESSIVE;
				CLANG_CXX_LANGUAGE_STANDARD = "gnu++14";
				CLANG_CXX_LIBRARY = "libc++";
				CLANG_ENABLE_MODULES = YES;
				CLANG_ENABLE_OBJC_ARC = YES;
				CLANG_ENABLE_OBJC_WEAK = YES;
				CLANG_WARN_BLOCK_CAPTURE_AUTORELEASING = YES;
				CLANG_WARN_BOOL_CONVERSION = YES;
				CLANG_WARN_COMMA = YES;
				CLANG_WARN_CONSTANT_CONVERSION = YES;
				CLANG_WARN_DEPRECATED_OBJC_IMPLEMENTATIONS = YES;
				CLANG_WARN_DIRECT_OBJC_ISA_USAGE = YES_ERROR;
				CLANG_WARN_DOCUMENTATION_COMMENTS = YES;
				CLANG_WARN_EMPTY_BODY = YES;
				CLANG_WARN_ENUM_CONVERSION = YES;
				CLANG_WARN_INFINITE_RECURSION = YES;
				CLANG_WARN_INT_CONVERSION = YES;
				CLANG_WARN_NON_LITERAL_NULL_CONVERSION = YES;
				CLANG_WARN_OBJC_IMPLICIT_RETAIN_SELF = YES;
				CLANG_WARN_OBJC_LITERAL_CONVERSION = YES;
				CLANG_WARN_OBJC_ROOT_CLASS = YES_ERROR;
				CLANG_WARN_RANGE_LOOP_ANALYSIS = YES;
				CLANG_WARN_STRICT_PROTOTYPES = YES;
				CLANG_WARN_SUSPICIOUS_MOVE = YES;
				CLANG_WARN_UNGUARDED_AVAILABILITY = YES_AGGRESSIVE;
				CLANG_WARN_UNREACHABLE_CODE = YES;
				CLANG_WARN__DUPLICATE_METHOD_MATCH = YES;
				COPY_PHASE_STRIP = NO;
				DEBUG_INFORMATION_FORMAT = "dwarf-with-dsym";
				ENABLE_NS_ASSERTIONS = NO;
				ENABLE_STRICT_OBJC_MSGSEND = YES;
				GCC_C_LANGUAGE_STANDARD = gnu11;
				GCC_NO_COMMON_BLOCKS = YES;
				GCC_WARN_64_TO_32_BIT_CONVERSION = YES;
				GCC_WARN_ABOUT_RETURN_TYPE = YES_ERROR;
				GCC_WARN_UNDECLARED_SELECTOR = YES;
				GCC_WARN_UNINITIALIZED_AUTOS = YES_AGGRESSIVE;
				GCC_WARN_UNUSED_FUNCTION = YES;
				GCC_WARN_UNUSED_VARIABLE = YES;
				IPHONEOS_DEPLOYMENT_TARGET = 13.2;
				MTL_ENABLE_DEBUG_INFO = NO;
				MTL_FAST_MATH = YES;
				SDKROOT = iphoneos;
				SWIFT_COMPILATION_MODE = wholemodule;
				SWIFT_OPTIMIZATION_LEVEL = "-O";
				VALIDATE_PRODUCT = YES;
			};
			name = Release;
		};
		8B47768823F0B9F2003DAE2C /* Debug */ = {
			isa = XCBuildConfiguration;
			buildSettings = {
				ASSETCATALOG_COMPILER_APPICON_NAME = AppIcon;
				CODE_SIGN_STYLE = Automatic;
				CURRENT_PROJECT_VERSION = 4;
				DEVELOPMENT_ASSET_PATHS = "JennyWeather/Resources/Preview\\ Content";
				DEVELOPMENT_TEAM = 86WXZVZ79J;
				ENABLE_PREVIEWS = YES;
				INFOPLIST_FILE = JennyWeather/Globals/Info.plist;
				IPHONEOS_DEPLOYMENT_TARGET = 13.0;
				LD_RUNPATH_SEARCH_PATHS = (
					"$(inherited)",
					"@executable_path/Frameworks",
				);
				MARKETING_VERSION = 1.0;
				PRODUCT_BUNDLE_IDENTIFIER = com.bap034.JennyWeather;
				PRODUCT_NAME = "Jenny Weather";
				SWIFT_VERSION = 5.0;
				TARGETED_DEVICE_FAMILY = "1,2";
			};
			name = Debug;
		};
		8B47768923F0B9F2003DAE2C /* Release */ = {
			isa = XCBuildConfiguration;
			buildSettings = {
				ASSETCATALOG_COMPILER_APPICON_NAME = AppIcon;
				CODE_SIGN_STYLE = Automatic;
				CURRENT_PROJECT_VERSION = 4;
				DEVELOPMENT_ASSET_PATHS = "JennyWeather/Resources/Preview\\ Content";
				DEVELOPMENT_TEAM = 86WXZVZ79J;
				ENABLE_PREVIEWS = YES;
				INFOPLIST_FILE = JennyWeather/Globals/Info.plist;
				IPHONEOS_DEPLOYMENT_TARGET = 13.0;
				LD_RUNPATH_SEARCH_PATHS = (
					"$(inherited)",
					"@executable_path/Frameworks",
				);
				MARKETING_VERSION = 1.0;
				PRODUCT_BUNDLE_IDENTIFIER = com.bap034.JennyWeather;
				PRODUCT_NAME = "Jenny Weather";
				SWIFT_VERSION = 5.0;
				TARGETED_DEVICE_FAMILY = "1,2";
			};
			name = Release;
		};
		8B47768B23F0B9F2003DAE2C /* Debug */ = {
			isa = XCBuildConfiguration;
			buildSettings = {
				ALWAYS_EMBED_SWIFT_STANDARD_LIBRARIES = YES;
				BUNDLE_LOADER = "$(TEST_HOST)";
				CODE_SIGN_STYLE = Automatic;
				DEVELOPMENT_TEAM = LMHT93A4SP;
				INFOPLIST_FILE = JennyWeatherTests/Info.plist;
				IPHONEOS_DEPLOYMENT_TARGET = 13.2;
				LD_RUNPATH_SEARCH_PATHS = (
					"$(inherited)",
					"@executable_path/Frameworks",
					"@loader_path/Frameworks",
				);
				PRODUCT_BUNDLE_IDENTIFIER = BAP.JennyWeatherTests;
				PRODUCT_NAME = "$(TARGET_NAME)";
				SWIFT_VERSION = 5.0;
				TARGETED_DEVICE_FAMILY = "1,2";
				TEST_HOST = "$(BUILT_PRODUCTS_DIR)/Jenny Weather.app/Jenny Weather";
			};
			name = Debug;
		};
		8B47768C23F0B9F2003DAE2C /* Release */ = {
			isa = XCBuildConfiguration;
			buildSettings = {
				ALWAYS_EMBED_SWIFT_STANDARD_LIBRARIES = YES;
				BUNDLE_LOADER = "$(TEST_HOST)";
				CODE_SIGN_STYLE = Automatic;
				DEVELOPMENT_TEAM = LMHT93A4SP;
				INFOPLIST_FILE = JennyWeatherTests/Info.plist;
				IPHONEOS_DEPLOYMENT_TARGET = 13.2;
				LD_RUNPATH_SEARCH_PATHS = (
					"$(inherited)",
					"@executable_path/Frameworks",
					"@loader_path/Frameworks",
				);
				PRODUCT_BUNDLE_IDENTIFIER = BAP.JennyWeatherTests;
				PRODUCT_NAME = "$(TARGET_NAME)";
				SWIFT_VERSION = 5.0;
				TARGETED_DEVICE_FAMILY = "1,2";
				TEST_HOST = "$(BUILT_PRODUCTS_DIR)/Jenny Weather.app/Jenny Weather";
			};
			name = Release;
		};
/* End XCBuildConfiguration section */

/* Begin XCConfigurationList section */
		8B47766323F0B9F0003DAE2C /* Build configuration list for PBXProject "JennyWeather" */ = {
			isa = XCConfigurationList;
			buildConfigurations = (
				8B47768523F0B9F2003DAE2C /* Debug */,
				8B47768623F0B9F2003DAE2C /* Release */,
			);
			defaultConfigurationIsVisible = 0;
			defaultConfigurationName = Release;
		};
		8B47768723F0B9F2003DAE2C /* Build configuration list for PBXNativeTarget "JennyWeather" */ = {
			isa = XCConfigurationList;
			buildConfigurations = (
				8B47768823F0B9F2003DAE2C /* Debug */,
				8B47768923F0B9F2003DAE2C /* Release */,
			);
			defaultConfigurationIsVisible = 0;
			defaultConfigurationName = Release;
		};
		8B47768A23F0B9F2003DAE2C /* Build configuration list for PBXNativeTarget "JennyWeatherTests" */ = {
			isa = XCConfigurationList;
			buildConfigurations = (
				8B47768B23F0B9F2003DAE2C /* Debug */,
				8B47768C23F0B9F2003DAE2C /* Release */,
			);
			defaultConfigurationIsVisible = 0;
			defaultConfigurationName = Release;
		};
/* End XCConfigurationList section */
	};
	rootObject = 8B47766023F0B9F0003DAE2C /* Project object */;
}
